
Microsoft Visual Studio Solution File, Format Version 12.00
# Visual Studio Version 17
VisualStudioVersion = 17.12.35707.178 d17.12
MinimumVisualStudioVersion = 10.0.40219.1
Project("{FAE04EC0-301F-11D3-BF4B-00C04F79EFBC}") = "CapitalizeAllTextNotesApp", "CapitalizeAllTextNotesApp\CapitalizeAllTextNotesApp.csproj", "{D4C2CD51-2363-4F43-B2BC-7165632AA6DA}"
EndProject
Global
	GlobalSection(SolutionConfigurationPlatforms) = preSolution
		Debug|Any CPU = Debug|Any CPU
		Release|Any CPU = Release|Any CPU
	EndGlobalSection
	GlobalSection(ProjectConfigurationPlatforms) = postSolution
		{D4C2CD51-2363-4F43-B2BC-7165632AA6DA}.Debug|Any CPU.ActiveCfg = Debug|Any CPU
		{D4C2CD51-2363-4F43-B2BC-7165632AA6DA}.Debug|Any CPU.Build.0 = Debug|Any CPU
		{D4C2CD51-2363-4F43-B2BC-7165632AA6DA}.Release|Any CPU.ActiveCfg = Release|Any CPU
		{D4C2CD51-2363-4F43-B2BC-7165632AA6DA}.Release|Any CPU.Build.0 = Release|Any CPU
	EndGlobalSection
	GlobalSection(SolutionProperties) = preSolution
		HideSolutionNode = FALSE
	EndGlobalSection
EndGlobal
